
Microsoft Visual Studio Solution File, Format Version 12.00
# Visual Studio Version 16
VisualStudioVersion = 16.0.31129.286
MinimumVisualStudioVersion = 10.0.40219.1
Project("{9A19103F-16F7-4668-BE54-9A1E7A4F7556}") = "EFCoreScaffoldexample", "EFCoreScaffoldexample.csproj", "{B87C3703-49B4-4054-A4ED-67DBF49083D0}"
EndProject
Global
	GlobalSection(SolutionConfigurationPlatforms) = preSolution
		Debug|Any CPU = Debug|Any CPU
		Release|Any CPU = Release|Any CPU
	EndGlobalSection
	GlobalSection(ProjectConfigurationPlatforms) = postSolution
		{B87C3703-49B4-4054-A4ED-67DBF49083D0}.Debug|Any CPU.ActiveCfg = Debug|Any CPU
		{B87C3703-49B4-4054-A4ED-67DBF49083D0}.Debug|Any CPU.Build.0 = Debug|Any CPU
		{B87C3703-49B4-4054-A4ED-67DBF49083D0}.Release|Any CPU.ActiveCfg = Release|Any CPU
		{B87C3703-49B4-4054-A4ED-67DBF49083D0}.Release|Any CPU.Build.0 = Release|Any CPU
	EndGlobalSection
	GlobalSection(SolutionProperties) = preSolution
		HideSolutionNode = FALSE
	EndGlobalSection
	GlobalSection(ExtensibilityGlobals) = postSolution
		SolutionGuid = {686E2CAF-667B-4C35-8F04-78142F8522B3}
	EndGlobalSection
EndGlobal
